// !$*UTF8*$!
{
	archiveVersion = 1;
	classes = {
	};
	objectVersion = 50;
	objects = {

/* Begin PBXBuildFile section */
		4147955E2D52C42600D10B54 /* AppDelegate.swift in Sources */ = {isa = PBXBuildFile; fileRef = 4147955D2D52C42600D10B54 /* AppDelegate.swift */; };
		414795602D52C42600D10B54 /* SceneDelegate.swift in Sources */ = {isa = PBXBuildFile; fileRef = 4147955F2D52C42600D10B54 /* SceneDelegate.swift */; };
		414795622D52C42600D10B54 /* ViewController.swift in Sources */ = {isa = PBXBuildFile; fileRef = 414795612D52C42600D10B54 /* ViewController.swift */; };
		414795652D52C42600D10B54 /* Main.storyboard in Resources */ = {isa = PBXBuildFile; fileRef = 414795632D52C42600D10B54 /* Main.storyboard */; };
		414795672D52C42700D10B54 /* Assets.xcassets in Resources */ = {isa = PBXBuildFile; fileRef = 414795662D52C42700D10B54 /* Assets.xcassets */; };
		4147956A2D52C42700D10B54 /* LaunchScreen.storyboard in Resources */ = {isa = PBXBuildFile; fileRef = 414795682D52C42700D10B54 /* LaunchScreen.storyboard */; };
		414795752D52C42700D10B54 /* assignment4Tests.swift in Sources */ = {isa = PBXBuildFile; fileRef = 414795742D52C42700D10B54 /* assignment4Tests.swift */; };
		414795802D52C42700D10B54 /* assignment4UITests.swift in Sources */ = {isa = PBXBuildFile; fileRef = 4147957F2D52C42700D10B54 /* assignment4UITests.swift */; };
/* End PBXBuildFile section */

/* Begin PBXContainerItemProxy section */
		414795712D52C42700D10B54 /* PBXContainerItemProxy */ = {
			isa = PBXContainerItemProxy;
			containerPortal = 414795522D52C42600D10B54 /* Project object */;
			proxyType = 1;
			remoteGlobalIDString = 414795592D52C42600D10B54;
			remoteInfo = assignment4;
		};
		4147957C2D52C42700D10B54 /* PBXContainerItemProxy */ = {
			isa = PBXContainerItemProxy;
			containerPortal = 414795522D52C42600D10B54 /* Project object */;
			proxyType = 1;
			remoteGlobalIDString = 414795592D52C42600D10B54;
			remoteInfo = assignment4;
		};
/* End PBXContainerItemProxy section */

/* Begin PBXFileReference section */
		4147955A2D52C42600D10B54 /* assignment4.app */ = {isa = PBXFileReference; explicitFileType = wrapper.application; includeInIndex = 0; path = assignment4.app; sourceTree = BUILT_PRODUCTS_DIR; };
		4147955D2D52C42600D10B54 /* AppDelegate.swift */ = {isa = PBXFileReference; lastKnownFileType = sourcecode.swift; path = AppDelegate.swift; sourceTree = "<group>"; };
		4147955F2D52C42600D10B54 /* SceneDelegate.swift */ = {isa = PBXFileReference; lastKnownFileType = sourcecode.swift; path = SceneDelegate.swift; sourceTree = "<group>"; };
		414795612D52C42600D10B54 /* ViewController.swift */ = {isa = PBXFileReference; lastKnownFileType = sourcecode.swift; path = ViewController.swift; sourceTree = "<group>"; };
		414795642D52C42600D10B54 /* Base */ = {isa = PBXFileReference; lastKnownFileType = file.storyboard; name = Base; path = Base.lproj/Main.storyboard; sourceTree = "<group>"; };
		414795662D52C42700D10B54 /* Assets.xcassets */ = {isa = PBXFileReference; lastKnownFileType = folder.assetcatalog; path = Assets.xcassets; sourceTree = "<group>"; };
		414795692D52C42700D10B54 /* Base */ = {isa = PBXFileReference; lastKnownFileType = file.storyboard; name = Base; path = Base.lproj/LaunchScreen.storyboard; sourceTree = "<group>"; };
		4147956B2D52C42700D10B54 /* Info.plist */ = {isa = PBXFileReference; lastKnownFileType = text.plist.xml; path = Info.plist; sourceTree = "<group>"; };
		414795702D52C42700D10B54 /* assignment4Tests.xctest */ = {isa = PBXFileReference; explicitFileType = wrapper.cfbundle; includeInIndex = 0; path = assignment4Tests.xctest; sourceTree = BUILT_PRODUCTS_DIR; };
		414795742D52C42700D10B54 /* assignment4Tests.swift */ = {isa = PBXFileReference; lastKnownFileType = sourcecode.swift; path = assignment4Tests.swift; sourceTree = "<group>"; };
		414795762D52C42700D10B54 /* Info.plist */ = {isa = PBXFileReference; lastKnownFileType = text.plist.xml; path = Info.plist; sourceTree = "<group>"; };
		4147957B2D52C42700D10B54 /* assignment4UITests.xctest */ = {isa = PBXFileReference; explicitFileType = wrapper.cfbundle; includeInIndex = 0; path = assignment4UITests.xctest; sourceTree = BUILT_PRODUCTS_DIR; };
		4147957F2D52C42700D10B54 /* assignment4UITests.swift */ = {isa = PBXFileReference; lastKnownFileType = sourcecode.swift; path = assignment4UITests.swift; sourceTree = "<group>"; };
		414795812D52C42700D10B54 /* Info.plist */ = {isa = PBXFileReference; lastKnownFileType = text.plist.xml; path = Info.plist; sourceTree = "<group>"; };
/* End PBXFileReference section */

/* Begin PBXFrameworksBuildPhase section */
		414795572D52C42600D10B54 /* Frameworks */ = {
			isa = PBXFrameworksBuildPhase;
			buildActionMask = 2147483647;
			files = (
			);
			runOnlyForDeploymentPostprocessing = 0;
		};
		4147956D2D52C42700D10B54 /* Frameworks */ = {
			isa = PBXFrameworksBuildPhase;
			buildActionMask = 2147483647;
			files = (
			);
			runOnlyForDeploymentPostprocessing = 0;
		};
		414795782D52C42700D10B54 /* Frameworks */ = {
			isa = PBXFrameworksBuildPhase;
			buildActionMask = 2147483647;
			files = (
			);
			runOnlyForDeploymentPostprocessing = 0;
		};
/* End PBXFrameworksBuildPhase section */

/* Begin PBXGroup section */
		414795512D52C42600D10B54 = {
			isa = PBXGroup;
			children = (
				4147955C2D52C42600D10B54 /* assignment4 */,
				414795732D52C42700D10B54 /* assignment4Tests */,
				4147957E2D52C42700D10B54 /* assignment4UITests */,
				4147955B2D52C42600D10B54 /* Products */,
			);
			sourceTree = "<group>";
		};
		4147955B2D52C42600D10B54 /* Products */ = {
			isa = PBXGroup;
			children = (
				4147955A2D52C42600D10B54 /* assignment4.app */,
				414795702D52C42700D10B54 /* assignment4Tests.xctest */,
				4147957B2D52C42700D10B54 /* assignment4UITests.xctest */,
			);
			name = Products;
			sourceTree = "<group>";
		};
		4147955C2D52C42600D10B54 /* assignment4 */ = {
			isa = PBXGroup;
			children = (
				4147955D2D52C42600D10B54 /* AppDelegate.swift */,
				4147955F2D52C42600D10B54 /* SceneDelegate.swift */,
				414795612D52C42600D10B54 /* ViewController.swift */,
				414795632D52C42600D10B54 /* Main.storyboard */,
				414795662D52C42700D10B54 /* Assets.xcassets */,
				414795682D52C42700D10B54 /* LaunchScreen.storyboard */,
				4147956B2D52C42700D10B54 /* Info.plist */,
			);
			path = assignment4;
			sourceTree = "<group>";
		};
		414795732D52C42700D10B54 /* assignment4Tests */ = {
			isa = PBXGroup;
			children = (
				414795742D52C42700D10B54 /* assignment4Tests.swift */,
				414795762D52C42700D10B54 /* Info.plist */,
			);
			path = assignment4Tests;
			sourceTree = "<group>";
		};
		4147957E2D52C42700D10B54 /* assignment4UITests */ = {
			isa = PBXGroup;
			children = (
				4147957F2D52C42700D10B54 /* assignment4UITests.swift */,
				414795812D52C42700D10B54 /* Info.plist */,
			);
			path = assignment4UITests;
			sourceTree = "<group>";
		};
/* End PBXGroup section */

/* Begin PBXNativeTarget section */
		414795592D52C42600D10B54 /* assignment4 */ = {
			isa = PBXNativeTarget;
			buildConfigurationList = 414795842D52C42700D10B54 /* Build configuration list for PBXNativeTarget "assignment4" */;
			buildPhases = (
				414795562D52C42600D10B54 /* Sources */,
				414795572D52C42600D10B54 /* Frameworks */,
				414795582D52C42600D10B54 /* Resources */,
			);
			buildRules = (
			);
			dependencies = (
			);
			name = assignment4;
			productName = assignment4;
			productReference = 4147955A2D52C42600D10B54 /* assignment4.app */;
			productType = "com.apple.product-type.application";
		};
		4147956F2D52C42700D10B54 /* assignment4Tests */ = {
			isa = PBXNativeTarget;
			buildConfigurationList = 414795872D52C42700D10B54 /* Build configuration list for PBXNativeTarget "assignment4Tests" */;
			buildPhases = (
				4147956C2D52C42700D10B54 /* Sources */,
				4147956D2D52C42700D10B54 /* Frameworks */,
				4147956E2D52C42700D10B54 /* Resources */,
			);
			buildRules = (
			);
			dependencies = (
				414795722D52C42700D10B54 /* PBXTargetDependency */,
			);
			name = assignment4Tests;
			productName = assignment4Tests;
			productReference = 414795702D52C42700D10B54 /* assignment4Tests.xctest */;
			productType = "com.apple.product-type.bundle.unit-test";
		};
		4147957A2D52C42700D10B54 /* assignment4UITests */ = {
			isa = PBXNativeTarget;
			buildConfigurationList = 4147958A2D52C42700D10B54 /* Build configuration list for PBXNativeTarget "assignment4UITests" */;
			buildPhases = (
				414795772D52C42700D10B54 /* Sources */,
				414795782D52C42700D10B54 /* Frameworks */,
				414795792D52C42700D10B54 /* Resources */,
			);
			buildRules = (
			);
			dependencies = (
				4147957D2D52C42700D10B54 /* PBXTargetDependency */,
			);
			name = assignment4UITests;
			productName = assignment4UITests;
			productReference = 4147957B2D52C42700D10B54 /* assignment4UITests.xctest */;
			productType = "com.apple.product-type.bundle.ui-testing";
		};
/* End PBXNativeTarget section */

/* Begin PBXProject section */
		414795522D52C42600D10B54 /* Project object */ = {
			isa = PBXProject;
			attributes = {
				LastSwiftUpdateCheck = 1240;
				LastUpgradeCheck = 1240;
				TargetAttributes = {
					414795592D52C42600D10B54 = {
						CreatedOnToolsVersion = 12.4;
					};
					4147956F2D52C42700D10B54 = {
						CreatedOnToolsVersion = 12.4;
						TestTargetID = 414795592D52C42600D10B54;
					};
					4147957A2D52C42700D10B54 = {
						CreatedOnToolsVersion = 12.4;
						TestTargetID = 414795592D52C42600D10B54;
					};
				};
			};
			buildConfigurationList = 414795552D52C42600D10B54 /* Build configuration list for PBXProject "assignment4" */;
			compatibilityVersion = "Xcode 9.3";
			developmentRegion = en;
			hasScannedForEncodings = 0;
			knownRegions = (
				en,
				Base,
			);
			mainGroup = 414795512D52C42600D10B54;
			productRefGroup = 4147955B2D52C42600D10B54 /* Products */;
			projectDirPath = "";
			projectRoot = "";
			targets = (
				414795592D52C42600D10B54 /* assignment4 */,
				4147956F2D52C42700D10B54 /* assignment4Tests */,
				4147957A2D52C42700D10B54 /* assignment4UITests */,
			);
		};
/* End PBXProject section */

/* Begin PBXResourcesBuildPhase section */
		414795582D52C42600D10B54 /* Resources */ = {
			isa = PBXResourcesBuildPhase;
			buildActionMask = 2147483647;
			files = (
				4147956A2D52C42700D10B54 /* LaunchScreen.storyboard in Resources */,
				414795672D52C42700D10B54 /* Assets.xcassets in Resources */,
				414795652D52C42600D10B54 /* Main.storyboard in Resources */,
			);
			runOnlyForDeploymentPostprocessing = 0;
		};
		4147956E2D52C42700D10B54 /* Resources */ = {
			isa = PBXResourcesBuildPhase;
			buildActionMask = 2147483647;
			files = (
			);
			runOnlyForDeploymentPostprocessing = 0;
		};
		414795792D52C42700D10B54 /* Resources */ = {
			isa = PBXResourcesBuildPhase;
			buildActionMask = 2147483647;
			files = (
			);
			runOnlyForDeploymentPostprocessing = 0;
		};
/* End PBXResourcesBuildPhase section */

/* Begin PBXSourcesBuildPhase section */
		414795562D52C42600D10B54 /* Sources */ = {
			isa = PBXSourcesBuildPhase;
			buildActionMask = 2147483647;
			files = (
				414795622D52C42600D10B54 /* ViewController.swift in Sources */,
				4147955E2D52C42600D10B54 /* AppDelegate.swift in Sources */,
				414795602D52C42600D10B54 /* SceneDelegate.swift in Sources */,
			);
			runOnlyForDeploymentPostprocessing = 0;
		};
		4147956C2D52C42700D10B54 /* Sources */ = {
			isa = PBXSourcesBuildPhase;
			buildActionMask = 2147483647;
			files = (
				414795752D52C42700D10B54 /* assignment4Tests.swift in Sources */,
			);
			runOnlyForDeploymentPostprocessing = 0;
		};
		414795772D52C42700D10B54 /* Sources */ = {
			isa = PBXSourcesBuildPhase;
			buildActionMask = 2147483647;
			files = (
				414795802D52C42700D10B54 /* assignment4UITests.swift in Sources */,
			);
			runOnlyForDeploymentPostprocessing = 0;
		};
/* End PBXSourcesBuildPhase section */

/* Begin PBXTargetDependency section */
		414795722D52C42700D10B54 /* PBXTargetDependency */ = {
			isa = PBXTargetDependency;
			target = 414795592D52C42600D10B54 /* assignment4 */;
			targetProxy = 414795712D52C42700D10B54 /* PBXContainerItemProxy */;
		};
		4147957D2D52C42700D10B54 /* PBXTargetDependency */ = {
			isa = PBXTargetDependency;
			target = 414795592D52C42600D10B54 /* assignment4 */;
			targetProxy = 4147957C2D52C42700D10B54 /* PBXContainerItemProxy */;
		};
/* End PBXTargetDependency section */

/* Begin PBXVariantGroup section */
		414795632D52C42600D10B54 /* Main.storyboard */ = {
			isa = PBXVariantGroup;
			children = (
				414795642D52C42600D10B54 /* Base */,
			);
			name = Main.storyboard;
			sourceTree = "<group>";
		};
		414795682D52C42700D10B54 /* LaunchScreen.storyboard */ = {
			isa = PBXVariantGroup;
			children = (
				414795692D52C42700D10B54 /* Base */,
			);
			name = LaunchScreen.storyboard;
			sourceTree = "<group>";
		};
/* End PBXVariantGroup section */

/* Begin XCBuildConfiguration section */
		414795822D52C42700D10B54 /* Debug */ = {
			isa = XCBuildConfiguration;
			buildSettings = {
				ALWAYS_SEARCH_USER_PATHS = NO;
				CLANG_ANALYZER_NONNULL = YES;
				CLANG_ANALYZER_NUMBER_OBJECT_CONVERSION = YES_AGGRESSIVE;
				CLANG_CXX_LANGUAGE_STANDARD = "gnu++14";
				CLANG_CXX_LIBRARY = "libc++";
				CLANG_ENABLE_MODULES = YES;
				CLANG_ENABLE_OBJC_ARC = YES;
				CLANG_ENABLE_OBJC_WEAK = YES;
				CLANG_WARN_BLOCK_CAPTURE_AUTORELEASING = YES;
				CLANG_WARN_BOOL_CONVERSION = YES;
				CLANG_WARN_COMMA = YES;
				CLANG_WARN_CONSTANT_CONVERSION = YES;
				CLANG_WARN_DEPRECATED_OBJC_IMPLEMENTATIONS = YES;
				CLANG_WARN_DIRECT_OBJC_ISA_USAGE = YES_ERROR;
				CLANG_WARN_DOCUMENTATION_COMMENTS = YES;
				CLANG_WARN_EMPTY_BODY = YES;
				CLANG_WARN_ENUM_CONVERSION = YES;
				CLANG_WARN_INFINITE_RECURSION = YES;
				CLANG_WARN_INT_CONVERSION = YES;
				CLANG_WARN_NON_LITERAL_NULL_CONVERSION = YES;
				CLANG_WARN_OBJC_IMPLICIT_RETAIN_SELF = YES;
				CLANG_WARN_OBJC_LITERAL_CONVERSION = YES;
				CLANG_WARN_OBJC_ROOT_CLASS = YES_ERROR;
				CLANG_WARN_QUOTED_INCLUDE_IN_FRAMEWORK_HEADER = YES;
				CLANG_WARN_RANGE_LOOP_ANALYSIS = YES;
				CLANG_WARN_STRICT_PROTOTYPES = YES;
				CLANG_WARN_SUSPICIOUS_MOVE = YES;
				CLANG_WARN_UNGUARDED_AVAILABILITY = YES_AGGRESSIVE;
				CLANG_WARN_UNREACHABLE_CODE = YES;
				CLANG_WARN__DUPLICATE_METHOD_MATCH = YES;
				COPY_PHASE_STRIP = NO;
				DEBUG_INFORMATION_FORMAT = dwarf;
				ENABLE_STRICT_OBJC_MSGSEND = YES;
				ENABLE_TESTABILITY = YES;
				GCC_C_LANGUAGE_STANDARD = gnu11;
				GCC_DYNAMIC_NO_PIC = NO;
				GCC_NO_COMMON_BLOCKS = YES;
				GCC_OPTIMIZATION_LEVEL = 0;
				GCC_PREPROCESSOR_DEFINITIONS = (
					"DEBUG=1",
					"$(inherited)",
				);
				GCC_WARN_64_TO_32_BIT_CONVERSION = YES;
				GCC_WARN_ABOUT_RETURN_TYPE = YES_ERROR;
				GCC_WARN_UNDECLARED_SELECTOR = YES;
				GCC_WARN_UNINITIALIZED_AUTOS = YES_AGGRESSIVE;
				GCC_WARN_UNUSED_FUNCTION = YES;
				GCC_WARN_UNUSED_VARIABLE = YES;
				IPHONEOS_DEPLOYMENT_TARGET = 14.4;
				MTL_ENABLE_DEBUG_INFO = INCLUDE_SOURCE;
				MTL_FAST_MATH = YES;
				ONLY_ACTIVE_ARCH = YES;
				SDKROOT = iphoneos;
				SWIFT_ACTIVE_COMPILATION_CONDITIONS = DEBUG;
				SWIFT_OPTIMIZATION_LEVEL = "-Onone";
			};
			name = Debug;
		};
		414795832D52C42700D10B54 /* Release */ = {
			isa = XCBuildConfiguration;
			buildSettings = {
				ALWAYS_SEARCH_USER_PATHS = NO;
				CLANG_ANALYZER_NONNULL = YES;
				CLANG_ANALYZER_NUMBER_OBJECT_CONVERSION = YES_AGGRESSIVE;
				CLANG_CXX_LANGUAGE_STANDARD = "gnu++14";
				CLANG_CXX_LIBRARY = "libc++";
				CLANG_ENABLE_MODULES = YES;
				CLANG_ENABLE_OBJC_ARC = YES;
				CLANG_ENABLE_OBJC_WEAK = YES;
				CLANG_WARN_BLOCK_CAPTURE_AUTORELEASING = YES;
				CLANG_WARN_BOOL_CONVERSION = YES;
				CLANG_WARN_COMMA = YES;
				CLANG_WARN_CONSTANT_CONVERSION = YES;
				CLANG_WARN_DEPRECATED_OBJC_IMPLEMENTATIONS = YES;
				CLANG_WARN_DIRECT_OBJC_ISA_USAGE = YES_ERROR;
				CLANG_WARN_DOCUMENTATION_COMMENTS = YES;
				CLANG_WARN_EMPTY_BODY = YES;
				CLANG_WARN_ENUM_CONVERSION = YES;
				CLANG_WARN_INFINITE_RECURSION = YES;
				CLANG_WARN_INT_CONVERSION = YES;
				CLANG_WARN_NON_LITERAL_NULL_CONVERSION = YES;
				CLANG_WARN_OBJC_IMPLICIT_RETAIN_SELF = YES;
				CLANG_WARN_OBJC_LITERAL_CONVERSION = YES;
				CLANG_WARN_OBJC_ROOT_CLASS = YES_ERROR;
				CLANG_WARN_QUOTED_INCLUDE_IN_FRAMEWORK_HEADER = YES;
				CLANG_WARN_RANGE_LOOP_ANALYSIS = YES;
				CLANG_WARN_STRICT_PROTOTYPES = YES;
				CLANG_WARN_SUSPICIOUS_MOVE = YES;
				CLANG_WARN_UNGUARDED_AVAILABILITY = YES_AGGRESSIVE;
				CLANG_WARN_UNREACHABLE_CODE = YES;
				CLANG_WARN__DUPLICATE_METHOD_MATCH = YES;
				COPY_PHASE_STRIP = NO;
				DEBUG_INFORMATION_FORMAT = "dwarf-with-dsym";
				ENABLE_NS_ASSERTIONS = NO;
				ENABLE_STRICT_OBJC_MSGSEND = YES;
				GCC_C_LANGUAGE_STANDARD = gnu11;
				GCC_NO_COMMON_BLOCKS = YES;
				GCC_WARN_64_TO_32_BIT_CONVERSION = YES;
				GCC_WARN_ABOUT_RETURN_TYPE = YES_ERROR;
				GCC_WARN_UNDECLARED_SELECTOR = YES;
				GCC_WARN_UNINITIALIZED_AUTOS = YES_AGGRESSIVE;
				GCC_WARN_UNUSED_FUNCTION = YES;
				GCC_WARN_UNUSED_VARIABLE = YES;
				IPHONEOS_DEPLOYMENT_TARGET = 14.4;
				MTL_ENABLE_DEBUG_INFO = NO;
				MTL_FAST_MATH = YES;
				SDKROOT = iphoneos;
				SWIFT_COMPILATION_MODE = wholemodule;
				SWIFT_OPTIMIZATION_LEVEL = "-O";
				VALIDATE_PRODUCT = YES;
			};
			name = Release;
		};
		414795852D52C42700D10B54 /* Debug */ = {
			isa = XCBuildConfiguration;
			buildSettings = {
				ASSETCATALOG_COMPILER_APPICON_NAME = AppIcon;
				ASSETCATALOG_COMPILER_GLOBAL_ACCENT_COLOR_NAME = AccentColor;
				CODE_SIGN_STYLE = Automatic;
				INFOPLIST_FILE = assignment4/Info.plist;
				LD_RUNPATH_SEARCH_PATHS = (
					"$(inherited)",
					"@executable_path/Frameworks",
				);
				PRODUCT_BUNDLE_IDENTIFIER = freeuni.edu.ge.assignment4;
				PRODUCT_NAME = "$(TARGET_NAME)";
				SWIFT_VERSION = 5.0;
				TARGETED_DEVICE_FAMILY = "1,2";
			};
			name = Debug;
		};
		414795862D52C42700D10B54 /* Release */ = {
			isa = XCBuildConfiguration;
			buildSettings = {
				ASSETCATALOG_COMPILER_APPICON_NAME = AppIcon;
				ASSETCATALOG_COMPILER_GLOBAL_ACCENT_COLOR_NAME = AccentColor;
				CODE_SIGN_STYLE = Automatic;
				INFOPLIST_FILE = assignment4/Info.plist;
				LD_RUNPATH_SEARCH_PATHS = (
					"$(inherited)",
					"@executable_path/Frameworks",
				);
				PRODUCT_BUNDLE_IDENTIFIER = freeuni.edu.ge.assignment4;
				PRODUCT_NAME = "$(TARGET_NAME)";
				SWIFT_VERSION = 5.0;
				TARGETED_DEVICE_FAMILY = "1,2";
			};
			name = Release;
		};
		414795882D52C42700D10B54 /* Debug */ = {
			isa = XCBuildConfiguration;
			buildSettings = {
				ALWAYS_EMBED_SWIFT_STANDARD_LIBRARIES = YES;
				BUNDLE_LOADER = "$(TEST_HOST)";
				CODE_SIGN_STYLE = Automatic;
				INFOPLIST_FILE = assignment4Tests/Info.plist;
				IPHONEOS_DEPLOYMENT_TARGET = 14.4;
				LD_RUNPATH_SEARCH_PATHS = (
					"$(inherited)",
					"@executable_path/Frameworks",
					"@loader_path/Frameworks",
				);
				PRODUCT_BUNDLE_IDENTIFIER = freeuni.edu.ge.assignment4Tests;
				PRODUCT_NAME = "$(TARGET_NAME)";
				SWIFT_VERSION = 5.0;
				TARGETED_DEVICE_FAMILY = "1,2";
				TEST_HOST = "$(BUILT_PRODUCTS_DIR)/assignment4.app/assignment4";
			};
			name = Debug;
		};
		414795892D52C42700D10B54 /* Release */ = {
			isa = XCBuildConfiguration;
			buildSettings = {
				ALWAYS_EMBED_SWIFT_STANDARD_LIBRARIES = YES;
				BUNDLE_LOADER = "$(TEST_HOST)";
				CODE_SIGN_STYLE = Automatic;
				INFOPLIST_FILE = assignment4Tests/Info.plist;
				IPHONEOS_DEPLOYMENT_TARGET = 14.4;
				LD_RUNPATH_SEARCH_PATHS = (
					"$(inherited)",
					"@executable_path/Frameworks",
					"@loader_path/Frameworks",
				);
				PRODUCT_BUNDLE_IDENTIFIER = freeuni.edu.ge.assignment4Tests;
				PRODUCT_NAME = "$(TARGET_NAME)";
				SWIFT_VERSION = 5.0;
				TARGETED_DEVICE_FAMILY = "1,2";
				TEST_HOST = "$(BUILT_PRODUCTS_DIR)/assignment4.app/assignment4";
			};
			name = Release;
		};
		4147958B2D52C42700D10B54 /* Debug */ = {
			isa = XCBuildConfiguration;
			buildSettings = {
				ALWAYS_EMBED_SWIFT_STANDARD_LIBRARIES = YES;
				CODE_SIGN_STYLE = Automatic;
				INFOPLIST_FILE = assignment4UITests/Info.plist;
				LD_RUNPATH_SEARCH_PATHS = (
					"$(inherited)",
					"@executable_path/Frameworks",
					"@loader_path/Frameworks",
				);
				PRODUCT_BUNDLE_IDENTIFIER = freeuni.edu.ge.assignment4UITests;
				PRODUCT_NAME = "$(TARGET_NAME)";
				SWIFT_VERSION = 5.0;
				TARGETED_DEVICE_FAMILY = "1,2";
				TEST_TARGET_NAME = assignment4;
			};
			name = Debug;
		};
		4147958C2D52C42700D10B54 /* Release */ = {
			isa = XCBuildConfiguration;
			buildSettings = {
				ALWAYS_EMBED_SWIFT_STANDARD_LIBRARIES = YES;
				CODE_SIGN_STYLE = Automatic;
				INFOPLIST_FILE = assignment4UITests/Info.plist;
				LD_RUNPATH_SEARCH_PATHS = (
					"$(inherited)",
					"@executable_path/Frameworks",
					"@loader_path/Frameworks",
				);
				PRODUCT_BUNDLE_IDENTIFIER = freeuni.edu.ge.assignment4UITests;
				PRODUCT_NAME = "$(TARGET_NAME)";
				SWIFT_VERSION = 5.0;
				TARGETED_DEVICE_FAMILY = "1,2";
				TEST_TARGET_NAME = assignment4;
			};
			name = Release;
		};
/* End XCBuildConfiguration section */

/* Begin XCConfigurationList section */
		414795552D52C42600D10B54 /* Build configuration list for PBXProject "assignment4" */ = {
			isa = XCConfigurationList;
			buildConfigurations = (
				414795822D52C42700D10B54 /* Debug */,
				414795832D52C42700D10B54 /* Release */,
			);
			defaultConfigurationIsVisible = 0;
			defaultConfigurationName = Release;
		};
		414795842D52C42700D10B54 /* Build configuration list for PBXNativeTarget "assignment4" */ = {
			isa = XCConfigurationList;
			buildConfigurations = (
				414795852D52C42700D10B54 /* Debug */,
				414795862D52C42700D10B54 /* Release */,
			);
			defaultConfigurationIsVisible = 0;
			defaultConfigurationName = Release;
		};
		414795872D52C42700D10B54 /* Build configuration list for PBXNativeTarget "assignment4Tests" */ = {
			isa = XCConfigurationList;
			buildConfigurations = (
				414795882D52C42700D10B54 /* Debug */,
				414795892D52C42700D10B54 /* Release */,
			);
			defaultConfigurationIsVisible = 0;
			defaultConfigurationName = Release;
		};
		4147958A2D52C42700D10B54 /* Build configuration list for PBXNativeTarget "assignment4UITests" */ = {
			isa = XCConfigurationList;
			buildConfigurations = (
				4147958B2D52C42700D10B54 /* Debug */,
				4147958C2D52C42700D10B54 /* Release */,
			);
			defaultConfigurationIsVisible = 0;
			defaultConfigurationName = Release;
		};
/* End XCConfigurationList section */
	};
	rootObject = 414795522D52C42600D10B54 /* Project object */;
}
